{
    "_meta": {
        "hash": {
            "sha256": "d7c079b1fec5f58f08aae36451c06fa8d6fe84ff5877848ed36c212995cc70d7"
        },
        "pipfile-spec": 6,
        "requires": {
            "python_version": "3.9"
        },
        "sources": [
            {
                "name": "pypi",
                "url": "https://pypi.org/simple",
                "verify_ssl": true
            }
        ]
    },
    "default": {
        "pygraphviz": {
            "hashes": [
                "sha256:a97eb5ced266f45053ebb1f2c6c6d29091690503e3a5c14be7f908b37b06f2d4"
            ],
            "index": "pypi",
            "markers": "python_version >= '3.8'",
            "version": "==1.11"
        }
    },
    "develop": {}
}
